
Microsoft Visual Studio Solution File, Format Version 12.00
# Visual Studio Version 16
VisualStudioVersion = 16.0.29418.71
MinimumVisualStudioVersion = 10.0.40219.1
Project("{2150E333-8FDC-42A3-9474-1A3956D46DE8}") = "01 - SOLID Principles", "01 - SOLID Principles", "{CFD58648-F956-44ED-93E6-DFF6DD0B6313}"
EndProject
Project("{9A19103F-16F7-4668-BE54-9A1E7A4F7556}") = "SOLID", "SOLID\SOLID.csproj", "{A9068B74-3430-42EF-9D81-8155FE87D0B3}"
EndProject
Project("{2150E333-8FDC-42A3-9474-1A3956D46DE8}") = "02 - Builder", "02 - Builder", "{F1F8E6E1-6F57-464A-997E-3C79995180FD}"
EndProject
Project("{9A19103F-16F7-4668-BE54-9A1E7A4F7556}") = "Builder", "Builder\Builder.csproj", "{D62CD94A-2CC8-4545-8BB0-6C7038356A7E}"
EndProject
Project("{2150E333-8FDC-42A3-9474-1A3956D46DE8}") = "03 - Factory", "03 - Factory", "{A9E52B3A-BFED-474C-BB96-00347EE3067F}"
EndProject
Project("{9A19103F-16F7-4668-BE54-9A1E7A4F7556}") = "Factory", "Factory\Factory.csproj", "{71BEE7AA-7803-466A-80FB-56AD3A298A83}"
EndProject
Project("{2150E333-8FDC-42A3-9474-1A3956D46DE8}") = "04 - Prototype", "04 - Prototype", "{C68DAD31-2E45-4E3B-9062-5875C1FE3774}"
EndProject
Project("{9A19103F-16F7-4668-BE54-9A1E7A4F7556}") = "Prototype", "Prototype\Prototype.csproj", "{7D397F74-6A46-4FF9-AF9D-422E5FB151FF}"
EndProject
Project("{2150E333-8FDC-42A3-9474-1A3956D46DE8}") = "05 - Singleton", "05 - Singleton", "{AC0CE64B-95E2-49BE-A1E4-40081B8F3B88}"
EndProject
Project("{9A19103F-16F7-4668-BE54-9A1E7A4F7556}") = "Singleton", "Singleton\Singleton.csproj", "{40BFC072-4FC2-4828-8FC1-079B8419C5BE}"
EndProject
Project("{2150E333-8FDC-42A3-9474-1A3956D46DE8}") = "06 - Adapter", "06 - Adapter", "{73CA0EE4-8495-4214-A7A1-04A9529CD526}"
EndProject
Project("{9A19103F-16F7-4668-BE54-9A1E7A4F7556}") = "Adapter", "Adapter\Adapter.csproj", "{25971590-4642-472D-8937-12ABD453ABF7}"
EndProject
Project("{2150E333-8FDC-42A3-9474-1A3956D46DE8}") = "07 - Bridge", "07 - Bridge", "{1F0406E8-7FA7-4D58-B906-2C22EE88DDAD}"
EndProject
Project("{9A19103F-16F7-4668-BE54-9A1E7A4F7556}") = "Bridge", "Bridge\Bridge.csproj", "{79B7939F-EFDE-4749-A213-2FF8AEE14D36}"
EndProject
Project("{2150E333-8FDC-42A3-9474-1A3956D46DE8}") = "08 - Composite", "08 - Composite", "{AA069A8B-4D3F-48D3-BE72-3C9EC6DB7E95}"
EndProject
Project("{9A19103F-16F7-4668-BE54-9A1E7A4F7556}") = "Composite", "Composite\Composite.csproj", "{53AE271E-E255-45D7-BB9A-F0501706D448}"
EndProject
Project("{2150E333-8FDC-42A3-9474-1A3956D46DE8}") = "09 - Decorator", "09 - Decorator", "{BEBA1C6F-EF60-425A-AC09-2048D5CA4488}"
EndProject
Project("{9A19103F-16F7-4668-BE54-9A1E7A4F7556}") = "Decorator", "Decorator\Decorator.csproj", "{9B9B32DE-FA2D-4CA1-A5D6-9723D082956F}"
EndProject
Project("{2150E333-8FDC-42A3-9474-1A3956D46DE8}") = "10 - Facade", "10 - Facade", "{23FD0D7F-785C-430B-B72B-57626BA8C4A7}"
EndProject
Project("{9A19103F-16F7-4668-BE54-9A1E7A4F7556}") = "Facade", "Facade\Facade.csproj", "{E1CCC09D-2D40-495B-9C43-6339B97EB6AE}"
EndProject
Project("{2150E333-8FDC-42A3-9474-1A3956D46DE8}") = "11 - Flyweight", "11 - Flyweight", "{46E190A6-36F5-4D92-9B54-FE1A2C3EB478}"
EndProject
Project("{9A19103F-16F7-4668-BE54-9A1E7A4F7556}") = "Flyweight", "Flyweight\Flyweight.csproj", "{C82AE3D0-BCC7-4B7E-BD84-BF79311A8CB0}"
EndProject
Project("{2150E333-8FDC-42A3-9474-1A3956D46DE8}") = "12 - Proxy", "12 - Proxy", "{91DD251A-5D14-4B88-9E22-B0AD9596132E}"
EndProject
Project("{9A19103F-16F7-4668-BE54-9A1E7A4F7556}") = "Proxy", "Proxy\Proxy.csproj", "{2B02BB86-52C4-4F7A-A894-8B618E2ECF73}"
EndProject
Project("{2150E333-8FDC-42A3-9474-1A3956D46DE8}") = "13 - Chain of Responsibility", "13 - Chain of Responsibility", "{EA239785-0127-45C1-AA69-30227DD1C0C3}"
EndProject
Project("{9A19103F-16F7-4668-BE54-9A1E7A4F7556}") = "ChainOfResponsibility", "ChainOfResponsibility\ChainOfResponsibility.csproj", "{41629820-C1BB-43F0-A922-C7BF32769C4B}"
EndProject
Project("{2150E333-8FDC-42A3-9474-1A3956D46DE8}") = "14 - Command", "14 - Command", "{21FEEC24-CFF9-4C52-A76F-C767D5064B64}"
EndProject
Project("{9A19103F-16F7-4668-BE54-9A1E7A4F7556}") = "Command", "Command\Command.csproj", "{14A161FA-5C81-4D20-8C99-343EB4D7410F}"
EndProject
Project("{2150E333-8FDC-42A3-9474-1A3956D46DE8}") = "15 - Interpreter", "15 - Interpreter", "{B32D7BA7-7376-40C0-8B46-4F3E0E8E1BDB}"
EndProject
Project("{9A19103F-16F7-4668-BE54-9A1E7A4F7556}") = "Interpreter", "Interpreter\Interpreter.csproj", "{7DD10910-2141-4CCA-9DCE-799861DCA167}"
EndProject
Project("{2150E333-8FDC-42A3-9474-1A3956D46DE8}") = "16 - Iterator", "16 - Iterator", "{AB8B2D4C-AF00-4F41-9559-055D2AA198EA}"
EndProject
Project("{9A19103F-16F7-4668-BE54-9A1E7A4F7556}") = "Iterator", "Iterator\Iterator.csproj", "{10CB006E-4B13-49E7-B14C-C3AEFB3158CE}"
EndProject
Project("{2150E333-8FDC-42A3-9474-1A3956D46DE8}") = "17 - Mediator", "17 - Mediator", "{29FAD6FA-59EA-40AF-83E5-03C5D2ECF647}"
EndProject
Project("{9A19103F-16F7-4668-BE54-9A1E7A4F7556}") = "Mediator", "Mediator\Mediator.csproj", "{2A3DEFC1-4FCE-4F37-82F1-04464B7DD722}"
EndProject
Project("{2150E333-8FDC-42A3-9474-1A3956D46DE8}") = "18 - Memento", "18 - Memento", "{F798D6F9-E2E1-4E56-B015-4B3EEAFE9CBD}"
EndProject
Project("{9A19103F-16F7-4668-BE54-9A1E7A4F7556}") = "Memento", "Memento\Memento.csproj", "{9F71F85B-C419-4602-8E5F-43322A2F374F}"
EndProject
Project("{2150E333-8FDC-42A3-9474-1A3956D46DE8}") = "19 - Null Object", "19 - Null Object", "{124AD1D1-D275-42DE-94FE-257006A1C9F4}"
EndProject
Project("{9A19103F-16F7-4668-BE54-9A1E7A4F7556}") = "NullObject", "NullObject\NullObject.csproj", "{275FD982-F8F5-45E8-93AD-23CBAD3E0162}"
EndProject
Project("{2150E333-8FDC-42A3-9474-1A3956D46DE8}") = "20 - Observer", "20 - Observer", "{AF872BC2-E7E0-466C-A918-CA971B993425}"
EndProject
Project("{9A19103F-16F7-4668-BE54-9A1E7A4F7556}") = "Observer", "Observer\Observer.csproj", "{20CED816-BA89-4293-806B-127AED1967D0}"
EndProject
Project("{2150E333-8FDC-42A3-9474-1A3956D46DE8}") = "21 - State", "21 - State", "{3BD6A9CA-C552-4B74-943B-8427F0C38524}"
EndProject
Project("{9A19103F-16F7-4668-BE54-9A1E7A4F7556}") = "State", "State\State.csproj", "{7BD60DCD-BD3E-4CFE-AF76-AB3E51FAA527}"
EndProject
Project("{2150E333-8FDC-42A3-9474-1A3956D46DE8}") = "22 - Strategy", "22 - Strategy", "{09B0F9F6-F246-4F03-B6D0-BBA3E613F70E}"
EndProject
Project("{9A19103F-16F7-4668-BE54-9A1E7A4F7556}") = "Strategy", "Strategy\Strategy.csproj", "{E9CA8471-5827-46EC-A906-6386534DF47A}"
EndProject
Project("{2150E333-8FDC-42A3-9474-1A3956D46DE8}") = "23 - Template Method", "23 - Template Method", "{FB9F1A92-D7FD-4FA8-BB38-D467A7332C61}"
EndProject
Project("{9A19103F-16F7-4668-BE54-9A1E7A4F7556}") = "Template", "Template\Template.csproj", "{78635332-6CCE-46C9-BAD9-FD6048B7BB40}"
EndProject
Project("{2150E333-8FDC-42A3-9474-1A3956D46DE8}") = "24 - Visitor", "24 - Visitor", "{6EFFBC05-4454-4C75-958A-5B0125D63980}"
EndProject
Project("{9A19103F-16F7-4668-BE54-9A1E7A4F7556}") = "Visitor", "Visitor\Visitor.csproj", "{AD8870CD-A771-4346-9557-EDA542E91499}"
EndProject
Project("{2150E333-8FDC-42A3-9474-1A3956D46DE8}") = "25 - Additional Content", "25 - Additional Content", "{CFAB5972-D347-4C68-BA79-5EA9D8C2B6FC}"
EndProject
Project("{FAE04EC0-301F-11D3-BF4B-00C04F79EFBC}") = "AdditionalContent", "AdditionalContent\AdditionalContent.csproj", "{35668318-A782-41DA-B13F-1F5823A6F8C9}"
EndProject
Global
	GlobalSection(SolutionConfigurationPlatforms) = preSolution
		Debug|Any CPU = Debug|Any CPU
		Release|Any CPU = Release|Any CPU
	EndGlobalSection
	GlobalSection(ProjectConfigurationPlatforms) = postSolution
		{A9068B74-3430-42EF-9D81-8155FE87D0B3}.Debug|Any CPU.ActiveCfg = Debug|Any CPU
		{A9068B74-3430-42EF-9D81-8155FE87D0B3}.Debug|Any CPU.Build.0 = Debug|Any CPU
		{A9068B74-3430-42EF-9D81-8155FE87D0B3}.Release|Any CPU.ActiveCfg = Release|Any CPU
		{A9068B74-3430-42EF-9D81-8155FE87D0B3}.Release|Any CPU.Build.0 = Release|Any CPU
		{D62CD94A-2CC8-4545-8BB0-6C7038356A7E}.Debug|Any CPU.ActiveCfg = Debug|Any CPU
		{D62CD94A-2CC8-4545-8BB0-6C7038356A7E}.Debug|Any CPU.Build.0 = Debug|Any CPU
		{D62CD94A-2CC8-4545-8BB0-6C7038356A7E}.Release|Any CPU.ActiveCfg = Release|Any CPU
		{D62CD94A-2CC8-4545-8BB0-6C7038356A7E}.Release|Any CPU.Build.0 = Release|Any CPU
		{71BEE7AA-7803-466A-80FB-56AD3A298A83}.Debug|Any CPU.ActiveCfg = Debug|Any CPU
		{71BEE7AA-7803-466A-80FB-56AD3A298A83}.Debug|Any CPU.Build.0 = Debug|Any CPU
		{71BEE7AA-7803-466A-80FB-56AD3A298A83}.Release|Any CPU.ActiveCfg = Release|Any CPU
		{71BEE7AA-7803-466A-80FB-56AD3A298A83}.Release|Any CPU.Build.0 = Release|Any CPU
		{7D397F74-6A46-4FF9-AF9D-422E5FB151FF}.Debug|Any CPU.ActiveCfg = Debug|Any CPU
		{7D397F74-6A46-4FF9-AF9D-422E5FB151FF}.Debug|Any CPU.Build.0 = Debug|Any CPU
		{7D397F74-6A46-4FF9-AF9D-422E5FB151FF}.Release|Any CPU.ActiveCfg = Release|Any CPU
		{7D397F74-6A46-4FF9-AF9D-422E5FB151FF}.Release|Any CPU.Build.0 = Release|Any CPU
		{40BFC072-4FC2-4828-8FC1-079B8419C5BE}.Debug|Any CPU.ActiveCfg = Debug|Any CPU
		{40BFC072-4FC2-4828-8FC1-079B8419C5BE}.Debug|Any CPU.Build.0 = Debug|Any CPU
		{40BFC072-4FC2-4828-8FC1-079B8419C5BE}.Release|Any CPU.ActiveCfg = Release|Any CPU
		{40BFC072-4FC2-4828-8FC1-079B8419C5BE}.Release|Any CPU.Build.0 = Release|Any CPU
		{25971590-4642-472D-8937-12ABD453ABF7}.Debug|Any CPU.ActiveCfg = Debug|Any CPU
		{25971590-4642-472D-8937-12ABD453ABF7}.Debug|Any CPU.Build.0 = Debug|Any CPU
		{25971590-4642-472D-8937-12ABD453ABF7}.Release|Any CPU.ActiveCfg = Release|Any CPU
		{25971590-4642-472D-8937-12ABD453ABF7}.Release|Any CPU.Build.0 = Release|Any CPU
		{79B7939F-EFDE-4749-A213-2FF8AEE14D36}.Debug|Any CPU.ActiveCfg = Debug|Any CPU
		{79B7939F-EFDE-4749-A213-2FF8AEE14D36}.Debug|Any CPU.Build.0 = Debug|Any CPU
		{79B7939F-EFDE-4749-A213-2FF8AEE14D36}.Release|Any CPU.ActiveCfg = Release|Any CPU
		{79B7939F-EFDE-4749-A213-2FF8AEE14D36}.Release|Any CPU.Build.0 = Release|Any CPU
		{53AE271E-E255-45D7-BB9A-F0501706D448}.Debug|Any CPU.ActiveCfg = Debug|Any CPU
		{53AE271E-E255-45D7-BB9A-F0501706D448}.Debug|Any CPU.Build.0 = Debug|Any CPU
		{53AE271E-E255-45D7-BB9A-F0501706D448}.Release|Any CPU.ActiveCfg = Release|Any CPU
		{53AE271E-E255-45D7-BB9A-F0501706D448}.Release|Any CPU.Build.0 = Release|Any CPU
		{9B9B32DE-FA2D-4CA1-A5D6-9723D082956F}.Debug|Any CPU.ActiveCfg = Debug|Any CPU
		{9B9B32DE-FA2D-4CA1-A5D6-9723D082956F}.Debug|Any CPU.Build.0 = Debug|Any CPU
		{9B9B32DE-FA2D-4CA1-A5D6-9723D082956F}.Release|Any CPU.ActiveCfg = Release|Any CPU
		{9B9B32DE-FA2D-4CA1-A5D6-9723D082956F}.Release|Any CPU.Build.0 = Release|Any CPU
		{E1CCC09D-2D40-495B-9C43-6339B97EB6AE}.Debug|Any CPU.ActiveCfg = Debug|Any CPU
		{E1CCC09D-2D40-495B-9C43-6339B97EB6AE}.Debug|Any CPU.Build.0 = Debug|Any CPU
		{E1CCC09D-2D40-495B-9C43-6339B97EB6AE}.Release|Any CPU.ActiveCfg = Release|Any CPU
		{E1CCC09D-2D40-495B-9C43-6339B97EB6AE}.Release|Any CPU.Build.0 = Release|Any CPU
		{C82AE3D0-BCC7-4B7E-BD84-BF79311A8CB0}.Debug|Any CPU.ActiveCfg = Debug|Any CPU
		{C82AE3D0-BCC7-4B7E-BD84-BF79311A8CB0}.Debug|Any CPU.Build.0 = Debug|Any CPU
		{C82AE3D0-BCC7-4B7E-BD84-BF79311A8CB0}.Release|Any CPU.ActiveCfg = Release|Any CPU
		{C82AE3D0-BCC7-4B7E-BD84-BF79311A8CB0}.Release|Any CPU.Build.0 = Release|Any CPU
		{2B02BB86-52C4-4F7A-A894-8B618E2ECF73}.Debug|Any CPU.ActiveCfg = Debug|Any CPU
		{2B02BB86-52C4-4F7A-A894-8B618E2ECF73}.Debug|Any CPU.Build.0 = Debug|Any CPU
		{2B02BB86-52C4-4F7A-A894-8B618E2ECF73}.Release|Any CPU.ActiveCfg = Release|Any CPU
		{2B02BB86-52C4-4F7A-A894-8B618E2ECF73}.Release|Any CPU.Build.0 = Release|Any CPU
		{41629820-C1BB-43F0-A922-C7BF32769C4B}.Debug|Any CPU.ActiveCfg = Debug|Any CPU
		{41629820-C1BB-43F0-A922-C7BF32769C4B}.Debug|Any CPU.Build.0 = Debug|Any CPU
		{41629820-C1BB-43F0-A922-C7BF32769C4B}.Release|Any CPU.ActiveCfg = Release|Any CPU
		{41629820-C1BB-43F0-A922-C7BF32769C4B}.Release|Any CPU.Build.0 = Release|Any CPU
		{14A161FA-5C81-4D20-8C99-343EB4D7410F}.Debug|Any CPU.ActiveCfg = Debug|Any CPU
		{14A161FA-5C81-4D20-8C99-343EB4D7410F}.Debug|Any CPU.Build.0 = Debug|Any CPU
		{14A161FA-5C81-4D20-8C99-343EB4D7410F}.Release|Any CPU.ActiveCfg = Release|Any CPU
		{14A161FA-5C81-4D20-8C99-343EB4D7410F}.Release|Any CPU.Build.0 = Release|Any CPU
		{7DD10910-2141-4CCA-9DCE-799861DCA167}.Debug|Any CPU.ActiveCfg = Debug|Any CPU
		{7DD10910-2141-4CCA-9DCE-799861DCA167}.Debug|Any CPU.Build.0 = Debug|Any CPU
		{7DD10910-2141-4CCA-9DCE-799861DCA167}.Release|Any CPU.ActiveCfg = Release|Any CPU
		{7DD10910-2141-4CCA-9DCE-799861DCA167}.Release|Any CPU.Build.0 = Release|Any CPU
		{10CB006E-4B13-49E7-B14C-C3AEFB3158CE}.Debug|Any CPU.ActiveCfg = Debug|Any CPU
		{10CB006E-4B13-49E7-B14C-C3AEFB3158CE}.Debug|Any CPU.Build.0 = Debug|Any CPU
		{10CB006E-4B13-49E7-B14C-C3AEFB3158CE}.Release|Any CPU.ActiveCfg = Release|Any CPU
		{10CB006E-4B13-49E7-B14C-C3AEFB3158CE}.Release|Any CPU.Build.0 = Release|Any CPU
		{2A3DEFC1-4FCE-4F37-82F1-04464B7DD722}.Debug|Any CPU.ActiveCfg = Debug|Any CPU
		{2A3DEFC1-4FCE-4F37-82F1-04464B7DD722}.Debug|Any CPU.Build.0 = Debug|Any CPU
		{2A3DEFC1-4FCE-4F37-82F1-04464B7DD722}.Release|Any CPU.ActiveCfg = Release|Any CPU
		{2A3DEFC1-4FCE-4F37-82F1-04464B7DD722}.Release|Any CPU.Build.0 = Release|Any CPU
		{9F71F85B-C419-4602-8E5F-43322A2F374F}.Debug|Any CPU.ActiveCfg = Debug|Any CPU
		{9F71F85B-C419-4602-8E5F-43322A2F374F}.Debug|Any CPU.Build.0 = Debug|Any CPU
		{9F71F85B-C419-4602-8E5F-43322A2F374F}.Release|Any CPU.ActiveCfg = Release|Any CPU
		{9F71F85B-C419-4602-8E5F-43322A2F374F}.Release|Any CPU.Build.0 = Release|Any CPU
		{275FD982-F8F5-45E8-93AD-23CBAD3E0162}.Debug|Any CPU.ActiveCfg = Debug|Any CPU
		{275FD982-F8F5-45E8-93AD-23CBAD3E0162}.Debug|Any CPU.Build.0 = Debug|Any CPU
		{275FD982-F8F5-45E8-93AD-23CBAD3E0162}.Release|Any CPU.ActiveCfg = Release|Any CPU
		{275FD982-F8F5-45E8-93AD-23CBAD3E0162}.Release|Any CPU.Build.0 = Release|Any CPU
		{20CED816-BA89-4293-806B-127AED1967D0}.Debug|Any CPU.ActiveCfg = Debug|Any CPU
		{20CED816-BA89-4293-806B-127AED1967D0}.Debug|Any CPU.Build.0 = Debug|Any CPU
		{20CED816-BA89-4293-806B-127AED1967D0}.Release|Any CPU.ActiveCfg = Release|Any CPU
		{20CED816-BA89-4293-806B-127AED1967D0}.Release|Any CPU.Build.0 = Release|Any CPU
		{7BD60DCD-BD3E-4CFE-AF76-AB3E51FAA527}.Debug|Any CPU.ActiveCfg = Debug|Any CPU
		{7BD60DCD-BD3E-4CFE-AF76-AB3E51FAA527}.Debug|Any CPU.Build.0 = Debug|Any CPU
		{7BD60DCD-BD3E-4CFE-AF76-AB3E51FAA527}.Release|Any CPU.ActiveCfg = Release|Any CPU
		{7BD60DCD-BD3E-4CFE-AF76-AB3E51FAA527}.Release|Any CPU.Build.0 = Release|Any CPU
		{E9CA8471-5827-46EC-A906-6386534DF47A}.Debug|Any CPU.ActiveCfg = Debug|Any CPU
		{E9CA8471-5827-46EC-A906-6386534DF47A}.Debug|Any CPU.Build.0 = Debug|Any CPU
		{E9CA8471-5827-46EC-A906-6386534DF47A}.Release|Any CPU.ActiveCfg = Release|Any CPU
		{E9CA8471-5827-46EC-A906-6386534DF47A}.Release|Any CPU.Build.0 = Release|Any CPU
		{78635332-6CCE-46C9-BAD9-FD6048B7BB40}.Debug|Any CPU.ActiveCfg = Debug|Any CPU
		{78635332-6CCE-46C9-BAD9-FD6048B7BB40}.Debug|Any CPU.Build.0 = Debug|Any CPU
		{78635332-6CCE-46C9-BAD9-FD6048B7BB40}.Release|Any CPU.ActiveCfg = Release|Any CPU
		{78635332-6CCE-46C9-BAD9-FD6048B7BB40}.Release|Any CPU.Build.0 = Release|Any CPU
		{AD8870CD-A771-4346-9557-EDA542E91499}.Debug|Any CPU.ActiveCfg = Debug|Any CPU
		{AD8870CD-A771-4346-9557-EDA542E91499}.Debug|Any CPU.Build.0 = Debug|Any CPU
		{AD8870CD-A771-4346-9557-EDA542E91499}.Release|Any CPU.ActiveCfg = Release|Any CPU
		{AD8870CD-A771-4346-9557-EDA542E91499}.Release|Any CPU.Build.0 = Release|Any CPU
		{35668318-A782-41DA-B13F-1F5823A6F8C9}.Debug|Any CPU.ActiveCfg = Debug|Any CPU
		{35668318-A782-41DA-B13F-1F5823A6F8C9}.Debug|Any CPU.Build.0 = Debug|Any CPU
		{35668318-A782-41DA-B13F-1F5823A6F8C9}.Release|Any CPU.ActiveCfg = Release|Any CPU
		{35668318-A782-41DA-B13F-1F5823A6F8C9}.Release|Any CPU.Build.0 = Release|Any CPU
	EndGlobalSection
	GlobalSection(SolutionProperties) = preSolution
		HideSolutionNode = FALSE
	EndGlobalSection
	GlobalSection(NestedProjects) = preSolution
		{A9068B74-3430-42EF-9D81-8155FE87D0B3} = {CFD58648-F956-44ED-93E6-DFF6DD0B6313}
		{D62CD94A-2CC8-4545-8BB0-6C7038356A7E} = {F1F8E6E1-6F57-464A-997E-3C79995180FD}
		{71BEE7AA-7803-466A-80FB-56AD3A298A83} = {A9E52B3A-BFED-474C-BB96-00347EE3067F}
		{7D397F74-6A46-4FF9-AF9D-422E5FB151FF} = {C68DAD31-2E45-4E3B-9062-5875C1FE3774}
		{40BFC072-4FC2-4828-8FC1-079B8419C5BE} = {AC0CE64B-95E2-49BE-A1E4-40081B8F3B88}
		{25971590-4642-472D-8937-12ABD453ABF7} = {73CA0EE4-8495-4214-A7A1-04A9529CD526}
		{79B7939F-EFDE-4749-A213-2FF8AEE14D36} = {1F0406E8-7FA7-4D58-B906-2C22EE88DDAD}
		{53AE271E-E255-45D7-BB9A-F0501706D448} = {AA069A8B-4D3F-48D3-BE72-3C9EC6DB7E95}
		{9B9B32DE-FA2D-4CA1-A5D6-9723D082956F} = {BEBA1C6F-EF60-425A-AC09-2048D5CA4488}
		{E1CCC09D-2D40-495B-9C43-6339B97EB6AE} = {23FD0D7F-785C-430B-B72B-57626BA8C4A7}
		{C82AE3D0-BCC7-4B7E-BD84-BF79311A8CB0} = {46E190A6-36F5-4D92-9B54-FE1A2C3EB478}
		{2B02BB86-52C4-4F7A-A894-8B618E2ECF73} = {91DD251A-5D14-4B88-9E22-B0AD9596132E}
		{41629820-C1BB-43F0-A922-C7BF32769C4B} = {EA239785-0127-45C1-AA69-30227DD1C0C3}
		{14A161FA-5C81-4D20-8C99-343EB4D7410F} = {21FEEC24-CFF9-4C52-A76F-C767D5064B64}
		{7DD10910-2141-4CCA-9DCE-799861DCA167} = {B32D7BA7-7376-40C0-8B46-4F3E0E8E1BDB}
		{10CB006E-4B13-49E7-B14C-C3AEFB3158CE} = {AB8B2D4C-AF00-4F41-9559-055D2AA198EA}
		{2A3DEFC1-4FCE-4F37-82F1-04464B7DD722} = {29FAD6FA-59EA-40AF-83E5-03C5D2ECF647}
		{9F71F85B-C419-4602-8E5F-43322A2F374F} = {F798D6F9-E2E1-4E56-B015-4B3EEAFE9CBD}
		{275FD982-F8F5-45E8-93AD-23CBAD3E0162} = {124AD1D1-D275-42DE-94FE-257006A1C9F4}
		{20CED816-BA89-4293-806B-127AED1967D0} = {AF872BC2-E7E0-466C-A918-CA971B993425}
		{7BD60DCD-BD3E-4CFE-AF76-AB3E51FAA527} = {3BD6A9CA-C552-4B74-943B-8427F0C38524}
		{E9CA8471-5827-46EC-A906-6386534DF47A} = {09B0F9F6-F246-4F03-B6D0-BBA3E613F70E}
		{78635332-6CCE-46C9-BAD9-FD6048B7BB40} = {FB9F1A92-D7FD-4FA8-BB38-D467A7332C61}
		{AD8870CD-A771-4346-9557-EDA542E91499} = {6EFFBC05-4454-4C75-958A-5B0125D63980}
		{35668318-A782-41DA-B13F-1F5823A6F8C9} = {CFAB5972-D347-4C68-BA79-5EA9D8C2B6FC}
	EndGlobalSection
	GlobalSection(ExtensibilityGlobals) = postSolution
		SolutionGuid = {C9C74453-009F-4A83-9C82-2098EBB0B121}
	EndGlobalSection
EndGlobal
